
Microsoft Visual Studio Solution File, Format Version 12.00
# Visual Studio Version 17
VisualStudioVersion = 17.2.32602.215
MinimumVisualStudioVersion = 10.0.40219.1
Project("{FAE04EC0-301F-11D3-BF4B-00C04F79EFBC}") = "mp4Utl", "mp4Utl.csproj", "{59106215-0CE1-42D1-8F4F-9210E8D46C00}"
EndProject
Global
	GlobalSection(SolutionConfigurationPlatforms) = preSolution
		Debug|Any CPU = Debug|Any CPU
		Release|Any CPU = Release|Any CPU
	EndGlobalSection
	GlobalSection(ProjectConfigurationPlatforms) = postSolution
		{59106215-0CE1-42D1-8F4F-9210E8D46C00}.Debug|Any CPU.ActiveCfg = Debug|Any CPU
		{59106215-0CE1-42D1-8F4F-9210E8D46C00}.Debug|Any CPU.Build.0 = Debug|Any CPU
		{59106215-0CE1-42D1-8F4F-9210E8D46C00}.Release|Any CPU.ActiveCfg = Release|Any CPU
		{59106215-0CE1-42D1-8F4F-9210E8D46C00}.Release|Any CPU.Build.0 = Release|Any CPU
	EndGlobalSection
	GlobalSection(SolutionProperties) = preSolution
		HideSolutionNode = FALSE
	EndGlobalSection
	GlobalSection(ExtensibilityGlobals) = postSolution
		SolutionGuid = {DF65084F-3D8A-4883-878E-9043775368D7}
	EndGlobalSection
EndGlobal
